
Microsoft Visual Studio Solution File, Format Version 12.00
# Visual Studio Version 17
VisualStudioVersion = 17.4.33213.308
MinimumVisualStudioVersion = 10.0.40219.1
Project("{FAE04EC0-301F-11D3-BF4B-00C04F79EFBC}") = "JokesWebApp", "JokesWebApp.csproj", "{B071E4CE-EFC8-47FC-BAAC-B51173116C6F}"
EndProject
Global
	GlobalSection(SolutionConfigurationPlatforms) = preSolution
		Debug|Any CPU = Debug|Any CPU
		Release|Any CPU = Release|Any CPU
	EndGlobalSection
	GlobalSection(ProjectConfigurationPlatforms) = postSolution
		{B071E4CE-EFC8-47FC-BAAC-B51173116C6F}.Debug|Any CPU.ActiveCfg = Debug|Any CPU
		{B071E4CE-EFC8-47FC-BAAC-B51173116C6F}.Debug|Any CPU.Build.0 = Debug|Any CPU
		{B071E4CE-EFC8-47FC-BAAC-B51173116C6F}.Release|Any CPU.ActiveCfg = Release|Any CPU
		{B071E4CE-EFC8-47FC-BAAC-B51173116C6F}.Release|Any CPU.Build.0 = Release|Any CPU
	EndGlobalSection
	GlobalSection(SolutionProperties) = preSolution
		HideSolutionNode = FALSE
	EndGlobalSection
	GlobalSection(ExtensibilityGlobals) = postSolution
		SolutionGuid = {2A98FF1E-A5E8-484E-95D2-BD93106E5D0A}
	EndGlobalSection
EndGlobal
